<?xml version="1.0" encoding="utf-8"?>
<Project ToolsVersion="4.0" xmlns="http://schemas.microsoft.com/developer/msbuild/2003">
  <ItemGroup>
    <Filter Include="소스 파일">
      <UniqueIdentifier>{4FC737F1-C7A5-4376-A066-2A32D752A2FF}</UniqueIdentifier>
      <Extensions>cpp;c;cc;cxx;c++;cppm;ixx;def;odl;idl;hpj;bat;asm;asmx</Extensions>
    </Filter>
    <Filter Include="헤더 파일">
      <UniqueIdentifier>{93995380-89BD-4b04-88EB-625FBE52EBFB}</UniqueIdentifier>
      <Extensions>h;hh;hpp;hxx;h++;hm;inl;inc;ipp;xsd</Extensions>
    </Filter>
    <Filter Include="리소스 파일">
      <UniqueIdentifier>{67DA6AB6-F800-4c08-8B7A-83BB121AAD01}</UniqueIdentifier>
      <Extensions>rc;ico;cur;bmp;dlg;rc2;rct;bin;rgs;gif;jpg;jpeg;jpe;resx;tiff;tif;png;wav;mfcribbon-ms</Extensions>
    </Filter>
  </ItemGroup>
  <ItemGroup>
    <ClInclude Include="src\gfx\gfx.h">
      <Filter>헤더 파일</Filter>
    </ClInclude>
    <ClInclude Include="src\gfx\shader.h">
      <Filter>헤더 파일</Filter>
    </ClInclude>
    <ClInclude Include="src\gfx\vao.h">
      <Filter>헤더 파일</Filter>
    </ClInclude>
    <ClInclude Include="src\gfx\vbo.h">
      <Filter>헤더 파일</Filter>
    </ClInclude>
    <ClInclude Include="src\gfx\window.h">
      <Filter>헤더 파일</Filter>
    </ClInclude>
    <ClInclude Include="src\util\util.h">
      <Filter>헤더 파일</Filter>
    </ClInclude>
    <ClInclude Include="src\gfx\texture.h">
      <Filter>헤더 파일</Filter>
    </ClInclude>
    <ClInclude Include="src\gfx\camera.h">
      <Filter>헤더 파일</Filter>
    </ClInclude>
    <ClInclude Include="src\model\assetmodel.h">
      <Filter>헤더 파일</Filter>
    </ClInclude>
    <ClInclude Include="src\model\model.h">
      <Filter>헤더 파일</Filter>
    </ClInclude>
    <ClInclude Include="src\model\ball.h">
      <Filter>헤더 파일</Filter>
    </ClInclude>
    <ClInclude Include="src\scene.h">
      <Filter>헤더 파일</Filter>
    </ClInclude>
    <ClInclude Include="src\pooltable.h">
      <Filter>헤더 파일</Filter>
    </ClInclude>
    <ClInclude Include="src\gfx\skybox.h">
      <Filter>헤더 파일</Filter>
    </ClInclude>
    <ClInclude Include="src\3rd\stb_image.h">
      <Filter>헤더 파일</Filter>
    </ClInclude>
    <ClInclude Include="src\model\quad.h">
      <Filter>헤더 파일</Filter>
    </ClInclude>
    <ClInclude Include="src\ui\uiscreen.h">
      <Filter>헤더 파일</Filter>
    </ClInclude>
    <ClInclude Include="src\ui\button.h">
      <Filter>헤더 파일</Filter>
    </ClInclude>
    <ClInclude Include="src\ui\uielement.h">
      <Filter>헤더 파일</Filter>
    </ClInclude>
    <ClInclude Include="src\guiscreen.h">
      <Filter>헤더 파일</Filter>
    </ClInclude>
    <ClInclude Include="src\ui\font.h">
      <Filter>헤더 파일</Filter>
    </ClInclude>
    <ClInclude Include="src\ui\image.h">
      <Filter>헤더 파일</Filter>
    </ClInclude>
    <ClInclude Include="src\ui\label.h">
      <Filter>헤더 파일</Filter>
    </ClInclude>
    <ClInclude Include="src\ui\rectangle.h">
      <Filter>헤더 파일</Filter>
    </ClInclude>
    <ClInclude Include="src\ui\event.h">
      <Filter>헤더 파일</Filter>
    </ClInclude>
  </ItemGroup>
  <ItemGroup>
    <ClCompile Include="src\gfx\shader.cpp">
      <Filter>소스 파일</Filter>
    </ClCompile>
    <ClCompile Include="src\gfx\vao.cpp">
      <Filter>소스 파일</Filter>
    </ClCompile>
    <ClCompile Include="src\gfx\vbo.cpp">
      <Filter>소스 파일</Filter>
    </ClCompile>
    <ClCompile Include="src\gfx\window.cpp">
      <Filter>소스 파일</Filter>
    </ClCompile>
    <ClCompile Include="src\main.cpp">
      <Filter>소스 파일</Filter>
    </ClCompile>
    <ClCompile Include="src\gfx\texture.cpp">
      <Filter>소스 파일</Filter>
    </ClCompile>
    <ClCompile Include="src\gfx\camera.cpp">
      <Filter>소스 파일</Filter>
    </ClCompile>
    <ClCompile Include="src\model\assetmodel.cpp">
      <Filter>소스 파일</Filter>
    </ClCompile>
    <ClCompile Include="src\model\ball.cpp">
      <Filter>소스 파일</Filter>
    </ClCompile>
    <ClCompile Include="src\model\model.cpp">
      <Filter>소스 파일</Filter>
    </ClCompile>
    <ClCompile Include="src\scene.cpp">
      <Filter>소스 파일</Filter>
    </ClCompile>
    <ClCompile Include="src\pooltable.cpp">
      <Filter>소스 파일</Filter>
    </ClCompile>
    <ClCompile Include="src\gfx\skybox.cpp">
      <Filter>소스 파일</Filter>
    </ClCompile>
    <ClCompile Include="src\model\quad.cpp">
      <Filter>소스 파일</Filter>
    </ClCompile>
    <ClCompile Include="src\ui\uiscreen.cpp">
      <Filter>소스 파일</Filter>
    </ClCompile>
    <ClCompile Include="src\ui\button.cpp">
      <Filter>소스 파일</Filter>
    </ClCompile>
    <ClCompile Include="src\ui\uielement.cpp">
      <Filter>소스 파일</Filter>
    </ClCompile>
    <ClCompile Include="src\guiscreen.cpp">
      <Filter>소스 파일</Filter>
    </ClCompile>
    <ClCompile Include="src\ui\font.cpp">
      <Filter>소스 파일</Filter>
    </ClCompile>
    <ClCompile Include="src\ui\image.cpp">
      <Filter>소스 파일</Filter>
    </ClCompile>
    <ClCompile Include="src\ui\label.cpp">
      <Filter>소스 파일</Filter>
    </ClCompile>
    <ClCompile Include="src\ui\rectangle.cpp">
      <Filter>소스 파일</Filter>
    </ClCompile>
  </ItemGroup>
  <ItemGroup>
    <None Include="res\shader\pbr.vert" />
    <None Include="res\shader\pbr.frag" />
    <None Include="res\models\scene.bin">
      <Filter>리소스 파일</Filter>
    </None>
    <None Include="res\models\scene.gltf" />
    <None Include="assimp-vc142-mtd.dll" />
    <None Include="res\shader\skybox.vert" />
    <None Include="res\shader\skybox.frag" />
    <None Include="freeglut.dll" />
    <None Include="glew32.dll" />
    <None Include="res\shader\cubemap.vert" />
    <None Include="res\shader\eqrtocubemap.frag" />
    <None Include="res\texture\skybox\skybox.hdr" />
    <None Include="res\model\pooltable.bin">
      <Filter>리소스 파일</Filter>
    </None>
    <None Include="res\model\pooltable.gltf" />
    <None Include="res\shader\gui.vert" />
    <None Include="res\shader\gui.frag" />
    <None Include="freetype.dll" />
    <None Include="res\shader\ray.vert" />
    <None Include="res\shader\ray.frag" />
    <None Include="res\model\cue.bin">
      <Filter>리소스 파일</Filter>
    </None>
    <None Include="res\model\cue.gltf" />
  </ItemGroup>
  <ItemGroup>
    <Image Include="res\texture\container.jpg">
      <Filter>리소스 파일</Filter>
    </Image>
    <Image Include="res\texture\container2.png">
      <Filter>리소스 파일</Filter>
    </Image>
    <Image Include="res\texture\container2_specular.png">
      <Filter>리소스 파일</Filter>
    </Image>
    <Image Include="res\models\Wheel_baseColor.png">
      <Filter>리소스 파일</Filter>
    </Image>
    <Image Include="res\models\Wheel_metallicRoughness.png">
      <Filter>리소스 파일</Filter>
    </Image>
    <Image Include="res\models\Wheel_normal.png">
      <Filter>리소스 파일</Filter>
    </Image>
    <Image Include="res\models\textures\Wheel_normal.png">
      <Filter>리소스 파일</Filter>
    </Image>
    <Image Include="res\models\textures\Wheel_baseColor.png">
      <Filter>리소스 파일</Filter>
    </Image>
    <Image Include="res\models\textures\Wheel_metallicRoughness.png">
      <Filter>리소스 파일</Filter>
    </Image>
    <Image Include="res\texture\ball\ball_10.png">
      <Filter>리소스 파일</Filter>
    </Image>
    <Image Include="res\texture\skybox\env.dds" />
    <Image Include="res\texture\skybox\irr.dds" />
    <Image Include="res\texture\ball\ball_0.png">
      <Filter>리소스 파일</Filter>
    </Image>
    <Image Include="res\texture\ball\ball_1.png">
      <Filter>리소스 파일</Filter>
    </Image>
    <Image Include="res\texture\ball\ball_2.png">
      <Filter>리소스 파일</Filter>
    </Image>
    <Image Include="res\texture\ball\ball_3.png">
      <Filter>리소스 파일</Filter>
    </Image>
    <Image Include="res\texture\ball\ball_4.png">
      <Filter>리소스 파일</Filter>
    </Image>
    <Image Include="res\texture\ball\ball_5.png">
      <Filter>리소스 파일</Filter>
    </Image>
    <Image Include="res\texture\ball\ball_6.png">
      <Filter>리소스 파일</Filter>
    </Image>
    <Image Include="res\texture\ball\ball_7.png">
      <Filter>리소스 파일</Filter>
    </Image>
    <Image Include="res\texture\ball\ball_8.png">
      <Filter>리소스 파일</Filter>
    </Image>
    <Image Include="res\texture\ball\ball_9.png">
      <Filter>리소스 파일</Filter>
    </Image>
    <Image Include="res\texture\ball\ball_11.png">
      <Filter>리소스 파일</Filter>
    </Image>
    <Image Include="res\texture\ball\ball_12.png">
      <Filter>리소스 파일</Filter>
    </Image>
    <Image Include="res\texture\ball\ball_13.png">
      <Filter>리소스 파일</Filter>
    </Image>
    <Image Include="res\texture\ball\ball_14.png">
      <Filter>리소스 파일</Filter>
    </Image>
    <Image Include="res\texture\ball\ball_15.png">
      <Filter>리소스 파일</Filter>
    </Image>
    <Image Include="res\texture\brdf.png">
      <Filter>리소스 파일</Filter>
    </Image>
    <Image Include="res\model\table.png">
      <Filter>리소스 파일</Filter>
    </Image>
    <Image Include="res\texture\title.png">
      <Filter>리소스 파일</Filter>
    </Image>
    <Image Include="res\model\cue.jpg">
      <Filter>리소스 파일</Filter>
    </Image>
  </ItemGroup>
  <ItemGroup>
    <Media Include="res\sound\중.wav">
      <Filter>리소스 파일</Filter>
    </Media>
    <Media Include="res\sound\bgm.mp3" />
    <Media Include="res\sound\강.wav">
      <Filter>리소스 파일</Filter>
    </Media>
    <Media Include="res\sound\강하게.wav">
      <Filter>리소스 파일</Filter>
    </Media>
    <Media Include="res\sound\약.wav">
      <Filter>리소스 파일</Filter>
    </Media>
    <Media Include="res\sound\약하게.wav">
      <Filter>리소스 파일</Filter>
    </Media>
  </ItemGroup>
  <ItemGroup>
    <Font Include="res\font.ttf" />
  </ItemGroup>
  <ItemGroup>
    <Library Include="freetype.lib" />
  </ItemGroup>
</Project>